
Microsoft Visual Studio Solution File, Format Version 12.00
# Visual Studio Version 17
VisualStudioVersion = 17.7.34024.191
MinimumVisualStudioVersion = 10.0.40219.1
Project("{FAE04EC0-301F-11D3-BF4B-00C04F79EFBC}") = "myWebApp", "myWebApp\myWebApp.csproj", "{092D0A7D-9AFA-44CE-BB69-C86C3082C486}"
EndProject
Global
	GlobalSection(SolutionConfigurationPlatforms) = preSolution
		Debug|Any CPU = Debug|Any CPU
		Release|Any CPU = Release|Any CPU
	EndGlobalSection
	GlobalSection(ProjectConfigurationPlatforms) = postSolution
		{092D0A7D-9AFA-44CE-BB69-C86C3082C486}.Debug|Any CPU.ActiveCfg = Debug|Any CPU
		{092D0A7D-9AFA-44CE-BB69-C86C3082C486}.Debug|Any CPU.Build.0 = Debug|Any CPU
		{092D0A7D-9AFA-44CE-BB69-C86C3082C486}.Release|Any CPU.ActiveCfg = Release|Any CPU
		{092D0A7D-9AFA-44CE-BB69-C86C3082C486}.Release|Any CPU.Build.0 = Release|Any CPU
	EndGlobalSection
	GlobalSection(SolutionProperties) = preSolution
		HideSolutionNode = FALSE
	EndGlobalSection
	GlobalSection(ExtensibilityGlobals) = postSolution
		SolutionGuid = {68166193-FD8F-4FAF-BC8F-967C97AF4AC3}
	EndGlobalSection
EndGlobal
